github.com/Sirupsen/logrus v0.8.7 h1:hGa+d4KZNNNDmzAj6vlkeOQsgjrh8zg4EXB81mWoTm4=
github.com/Sirupsen/logrus v0.8.7/go.mod h1:rmk17hk6i8ZSAJkSDa7nOxamrG+SP4P0mm+DAvExv4U=
github.com/davecgh/go-spew v1.1.0/go.mod h1:J7Y8YcW2NihsgmVo/mv3lAwl/skON4iLHjSsI+c5H38=
github.com/davecgh/go-spew v1.1.1 h1:vj9j/u1bqnvCEfJOwUhtlOARqs3+rkHYY13jYWTU97c=
github.com/davecgh/go-spew v1.1.1/go.mod h1:J7Y8YcW2NihsgmVo/mv3lAwl/skON4iLHjSsI+c5H38=
github.com/gorilla/websocket v1.4.1-0.20181206070239-95ba29eb981b h1:iJ/E8JhWXX4SFiO262uaUow6La0iNf/50wQ1fdPNEDQ=
github.com/gorilla/websocket v1.4.1-0.20181206070239-95ba29eb981b/go.mod h1:E7qHFY5m1UJ88s3WnNqhKjPHQ0heANvMoAMk2YaljkQ=
github.com/lusis/slack-test v0.0.0-20190426140909-c40012f20018 h1:MNApn+Z+fIT4NPZopPfCc1obT6aY3SVM6DOctz1A9ZU=
github.com/lusis/slack-test v0.0.0-20190426140909-c40012f20018/go.mod h1:sFlOUpQL1YcjhFVXhg1CG8ZASEs/Mf1oVb6H75JL/zg=
github.com/nlopes/slack v0.4.1-0.20190107041900-5911c620bb31 h1:GLJLerZoA/XLdVS5CdfNXh5H/Bnt6XoqvfHW2IhJPLo=
github.com/nlopes/slack v0.4.1-0.20190107041900-5911c620bb31/go.mod h1:jVI4BBK3lSktibKahxBF74txcK2vyvkza1z/+rRnVAM=
github.com/pkg/errors v0.8.2-0.20190109061628-ffb6e22f0193 h1:0+zEoO0EfrvcxHtYt+VS+OGlNllWCScvxyiUupfkbXY=
github.com/pkg/errors v0.8.2-0.20190109061628-ffb6e22f0193/go.mod h1:bwawxfHBFNV+L2hUp1rHADufV3IMtnDRdf1r5NINEl0=
github.com/pmezard/go-difflib v1.0.0 h1:4DBwDE0NGyQoBHbLQYPwSUPoCMWR5BEzIk/f1lZbAQM=
github.com/pmezard/go-difflib v1.0.0/go.mod h1:iKH77koFhYxTK1pcRnkKkqfTogsbg7gZNVY4sRDYZ/4=
github.com/stretchr/objx v0.1.0/go.mod h1:HFkY916IF+rwdDfMAkV7OtwuqBVzrE8GR6GFx+wExME=
github.com/stretchr/objx v0.4.0/go.mod h1:YvHI0jy2hoMjB+UWwv71VJQ9isScKT/TqJzVSSt89Yw=
github.com/stretchr/testify v1.7.1/go.mod h1:6Fq8oRcR53rry900zMqJjRRixrwX3KX962/h/Wwjteg=
github.com/stretchr/testify v1.8.0 h1:pSgiaMZlXftHpm5L7V1+rVB+AZJydKsMxsQBIJw4PKk=
github.com/stretchr/testify v1.8.0/go.mod h1:yNjHg4UonilssWZ8iaSj1OCr/vHnekPRkoO+kdMU+MU=
gopkg.in/check.v1 v0.0.0-20161208181325-20d25e280405/go.mod h1:Co6ibVJAznAaIkqp8huTwlJQCZ016jof/cbN4VW5Yz0=
gopkg.in/yaml.v3 v3.0.0-20200313102051-9f266ea9e77c/go.mod h1:K4uyk7z7BCEPqu6E+C64Yfv1cQ7kz7rIZviUmN+EgEM=
gopkg.in/yaml.v3 v3.0.1 h1:fxVm/GzAzEWqLHuvctI91KS9hhNmmWOoWu0XTYJS7CA=
gopkg.in/yaml.v3 v3.0.1/go.mod h1:K4uyk7z7BCEPqu6E+C64Yfv1cQ7kz7rIZviUmN+EgEM=
